
Microsoft Visual Studio Solution File, Format Version 12.00
# Visual Studio Version 17
VisualStudioVersion = 17.5.33516.290
MinimumVisualStudioVersion = 10.0.40219.1
Project("{9A19103F-16F7-4668-BE54-9A1E7A4F7556}") = "MudBlazorTemplate.Client", "MudBlazorTemplate\Client\MudBlazorTemplate.Client.csproj", "{DA7415D8-3D83-44AB-B5C1-F19579B4AA71}"
EndProject
Project("{9A19103F-16F7-4668-BE54-9A1E7A4F7556}") = "MudBlazorTemplate.Server", "MudBlazorTemplate\Server\MudBlazorTemplate.Server.csproj", "{63A34AE7-B75D-4461-8EDB-62E1048A4009}"
EndProject
Project("{9A19103F-16F7-4668-BE54-9A1E7A4F7556}") = "MudBlazorTemplate.Shared", "MudBlazorTemplate\Shared\MudBlazorTemplate.Shared.csproj", "{5A9AB686-9AD1-4BC6-AC24-6085046742B5}"
EndProject
Global
	GlobalSection(SolutionConfigurationPlatforms) = preSolution
		Debug|Any CPU = Debug|Any CPU
		Release|Any CPU = Release|Any CPU
	EndGlobalSection
	GlobalSection(ProjectConfigurationPlatforms) = postSolution
		{DA7415D8-3D83-44AB-B5C1-F19579B4AA71}.Debug|Any CPU.ActiveCfg = Debug|Any CPU
		{DA7415D8-3D83-44AB-B5C1-F19579B4AA71}.Debug|Any CPU.Build.0 = Debug|Any CPU
		{DA7415D8-3D83-44AB-B5C1-F19579B4AA71}.Release|Any CPU.ActiveCfg = Release|Any CPU
		{DA7415D8-3D83-44AB-B5C1-F19579B4AA71}.Release|Any CPU.Build.0 = Release|Any CPU
		{63A34AE7-B75D-4461-8EDB-62E1048A4009}.Debug|Any CPU.ActiveCfg = Debug|Any CPU
		{63A34AE7-B75D-4461-8EDB-62E1048A4009}.Debug|Any CPU.Build.0 = Debug|Any CPU
		{63A34AE7-B75D-4461-8EDB-62E1048A4009}.Release|Any CPU.ActiveCfg = Release|Any CPU
		{63A34AE7-B75D-4461-8EDB-62E1048A4009}.Release|Any CPU.Build.0 = Release|Any CPU
		{5A9AB686-9AD1-4BC6-AC24-6085046742B5}.Debug|Any CPU.ActiveCfg = Debug|Any CPU
		{5A9AB686-9AD1-4BC6-AC24-6085046742B5}.Debug|Any CPU.Build.0 = Debug|Any CPU
		{5A9AB686-9AD1-4BC6-AC24-6085046742B5}.Release|Any CPU.ActiveCfg = Release|Any CPU
		{5A9AB686-9AD1-4BC6-AC24-6085046742B5}.Release|Any CPU.Build.0 = Release|Any CPU
	EndGlobalSection
	GlobalSection(SolutionProperties) = preSolution
		HideSolutionNode = FALSE
	EndGlobalSection
	GlobalSection(ExtensibilityGlobals) = postSolution
		SolutionGuid = {B8A929B0-9A0C-4912-AF30-42BD7EE1517D}
	EndGlobalSection
EndGlobal
