
Microsoft Visual Studio Solution File, Format Version 12.00
# Visual Studio Version 17
VisualStudioVersion = 17.0.31717.71
MinimumVisualStudioVersion = 10.0.40219.1
Project("{243F3A30-7A75-44BF-BA8B-D2D7F7AFFDD6}") = "MudBlazorTemplate.Server", "Server\MudBlazorTemplate.Server.csproj", "{BF1D2785-04F6-402E-8594-A1F7270A893A}"
EndProject
Project("{243F3A30-7A75-44BF-BA8B-D2D7F7AFFDD6}") = "MudBlazorTemplate.Client", "Client\MudBlazorTemplate.Client.csproj", "{24E43598-0F85-4DE0-AD87-E1C5A4A28B12}"
EndProject
Project("{243F3A30-7A75-44BF-BA8B-D2D7F7AFFDD6}") = "MudBlazorTemplate.Shared", "Shared\MudBlazorTemplate.Shared.csproj", "{A4831653-C9BE-48D3-A73C-F0A0DC8E7E0A}"
EndProject
Global
	GlobalSection(SolutionConfigurationPlatforms) = preSolution
		Debug|Any CPU = Debug|Any CPU
		Release|Any CPU = Release|Any CPU
	EndGlobalSection
	GlobalSection(ProjectConfigurationPlatforms) = postSolution
		{BF1D2785-04F6-402E-8594-A1F7270A893A}.Debug|Any CPU.ActiveCfg = Debug|Any CPU
		{BF1D2785-04F6-402E-8594-A1F7270A893A}.Debug|Any CPU.Build.0 = Debug|Any CPU
		{BF1D2785-04F6-402E-8594-A1F7270A893A}.Release|Any CPU.ActiveCfg = Release|Any CPU
		{BF1D2785-04F6-402E-8594-A1F7270A893A}.Release|Any CPU.Build.0 = Release|Any CPU
		{24E43598-0F85-4DE0-AD87-E1C5A4A28B12}.Debug|Any CPU.ActiveCfg = Debug|Any CPU
		{24E43598-0F85-4DE0-AD87-E1C5A4A28B12}.Debug|Any CPU.Build.0 = Debug|Any CPU
		{24E43598-0F85-4DE0-AD87-E1C5A4A28B12}.Release|Any CPU.ActiveCfg = Release|Any CPU
		{24E43598-0F85-4DE0-AD87-E1C5A4A28B12}.Release|Any CPU.Build.0 = Release|Any CPU
		{A4831653-C9BE-48D3-A73C-F0A0DC8E7E0A}.Debug|Any CPU.ActiveCfg = Debug|Any CPU
		{A4831653-C9BE-48D3-A73C-F0A0DC8E7E0A}.Debug|Any CPU.Build.0 = Debug|Any CPU
		{A4831653-C9BE-48D3-A73C-F0A0DC8E7E0A}.Release|Any CPU.ActiveCfg = Release|Any CPU
		{A4831653-C9BE-48D3-A73C-F0A0DC8E7E0A}.Release|Any CPU.Build.0 = Release|Any CPU
	EndGlobalSection
	GlobalSection(SolutionProperties) = preSolution
		HideSolutionNode = FALSE
	EndGlobalSection
	GlobalSection(ExtensibilityGlobals) = postSolution
		SolutionGuid = {2B9B194B-036C-43ED-B991-238B445B5C88}
	EndGlobalSection
EndGlobal